{
    "name": "leetcode",
    "version": "1.0.0",
    "lockfileVersion": 2,
    "requires": true,
    "packages": {
        "": {
            "name": "leetcode",
            "version": "1.0.0",
            "license": "ISC",
            "devDependencies": {
                "oxfmt": "^0.34.0",
                "oxlint": "^1.49.0"
            }
        },
        "node_modules/@oxfmt/binding-android-arm-eabi": {
            "version": "0.34.0",
            "resolved": "https://registry.npmjs.org/@oxfmt/binding-android-arm-eabi/-/binding-android-arm-eabi-0.34.0.tgz",
            "integrity": "sha512-sqkqjh/Z38l+duOb1HtVqJTAj1grt2ttkobCopC/72+a4Xxz4xUgZPFyQ4HxrYMvyqO/YA0tvM1QbfOu70Gk1Q==",
            "cpu": [
                "arm"
            ],
            "dev": true,
            "license": "MIT",
            "optional": true,
            "os": [
                "android"
            ],
            "engines": {
                "node": "^20.19.0 || >=22.12.0"
            }
        },
        "node_modules/@oxfmt/binding-android-arm64": {
            "version": "0.34.0",
            "resolved": "https://registry.npmjs.org/@oxfmt/binding-android-arm64/-/binding-android-arm64-0.34.0.tgz",
            "integrity": "sha512-1KRCtasHcVcGOMwfOP9d5Bus2NFsN8yAYM5cBwi8LBg5UtXC3C49WHKrlEa8iF1BjOS6CR2qIqiFbGoA0DJQNQ==",
            "cpu": [
                "arm64"
            ],
            "dev": true,
            "license": "MIT",
            "optional": true,
            "os": [
                "android"
            ],
            "engines": {
                "node": "^20.19.0 || >=22.12.0"
            }
        },
        "node_modules/@oxfmt/binding-darwin-arm64": {
            "version": "0.34.0",
            "resolved": "https://registry.npmjs.org/@oxfmt/binding-darwin-arm64/-/binding-darwin-arm64-0.34.0.tgz",
            "integrity": "sha512-b+Rmw9Bva6e/7PBES2wLO8sEU7Mi0+/Kv+pXSe/Y8i4fWNftZZlGwp8P01eECaUqpXATfSgNxdEKy7+ssVNz7g==",
            "cpu": [
                "arm64"
            ],
            "dev": true,
            "license": "MIT",
            "optional": true,
            "os": [
                "darwin"
            ],
            "engines": {
                "node": "^20.19.0 || >=22.12.0"
            }
        },
        "node_modules/@oxfmt/binding-darwin-x64": {
            "version": "0.34.0",
            "resolved": "https://registry.npmjs.org/@oxfmt/binding-darwin-x64/-/binding-darwin-x64-0.34.0.tgz",
            "integrity": "sha512-QGjpevWzf1T9COEokZEWt80kPOtthW1zhRbo7x4Qoz646eTTfi6XsHG2uHeDWJmTbgBoJZPMgj2TAEV/ppEZaA==",
            "cpu": [
                "x64"
            ],
            "dev": true,
            "license": "MIT",
            "optional": true,
            "os": [
                "darwin"
            ],
            "engines": {
                "node": "^20.19.0 || >=22.12.0"
            }
        },
        "node_modules/@oxfmt/binding-freebsd-x64": {
            "version": "0.34.0",
            "resolved": "https://registry.npmjs.org/@oxfmt/binding-freebsd-x64/-/binding-freebsd-x64-0.34.0.tgz",
            "integrity": "sha512-VMSaC02cG75qL59M9M/szEaqq/RsLfgpzQ4nqUu8BUnX1zkiZIW2gTpUv3ZJ6qpWnHxIlAXiRZjQwmcwpvtbcg==",
            "cpu": [
                "x64"
            ],
            "dev": true,
            "license": "MIT",
            "optional": true,
            "os": [
                "freebsd"
            ],
            "engines": {
                "node": "^20.19.0 || >=22.12.0"
            }
        },
        "node_modules/@oxfmt/binding-linux-arm-gnueabihf": {
            "version": "0.34.0",
            "resolved": "https://registry.npmjs.org/@oxfmt/binding-linux-arm-gnueabihf/-/binding-linux-arm-gnueabihf-0.34.0.tgz",
            "integrity": "sha512-Klm367PFJhH6vYK3vdIOxFepSJZHPaBfIuqwxdkOcfSQ4qqc/M8sgK0UTFnJWWTA/IkhMIh1kW6uEqiZ/xtQqg==",
            "cpu": [
                "arm"
            ],
            "dev": true,
            "license": "MIT",
            "optional": true,
            "os": [
                "linux"
            ],
            "engines": {
                "node": "^20.19.0 || >=22.12.0"
            }
        },
        "node_modules/@oxfmt/binding-linux-arm-musleabihf": {
            "version": "0.34.0",
            "resolved": "https://registry.npmjs.org/@oxfmt/binding-linux-arm-musleabihf/-/binding-linux-arm-musleabihf-0.34.0.tgz",
            "integrity": "sha512-nqn0QueVXRfbN9m58/E9Zij0Ap8lzayx591eWBYn0sZrGzY1IRv9RYS7J/1YUXbb0Ugedo0a8qIWzUHU9bWQuA==",
            "cpu": [
                "arm"
            ],
            "dev": true,
            "license": "MIT",
            "optional": true,
            "os": [
                "linux"
            ],
            "engines": {
                "node": "^20.19.0 || >=22.12.0"
            }
        },
        "node_modules/@oxfmt/binding-linux-arm64-gnu": {
            "version": "0.34.0",
            "resolved": "https://registry.npmjs.org/@oxfmt/binding-linux-arm64-gnu/-/binding-linux-arm64-gnu-0.34.0.tgz",
            "integrity": "sha512-DDn+dcqW+sMTCEjvLoQvC/VWJjG7h8wcdN/J+g7ZTdf/3/Dx730pQElxPPGsCXPhprb11OsPyMp5FwXjMY3qvA==",
            "cpu": [
                "arm64"
            ],
            "dev": true,
            "license": "MIT",
            "optional": true,
            "os": [
                "linux"
            ],
            "engines": {
                "node": "^20.19.0 || >=22.12.0"
            }
        },
        "node_modules/@oxfmt/binding-linux-arm64-musl": {
            "version": "0.34.0",
            "resolved": "https://registry.npmjs.org/@oxfmt/binding-linux-arm64-musl/-/binding-linux-arm64-musl-0.34.0.tgz",
            "integrity": "sha512-H+F8+71gHQoGTFPPJ6z4dD0Fzfzi0UP8Zx94h5kUmIFThLvMq5K1Y/bUUubiXwwHfwb5C3MPjUpYijiy0rj51Q==",
            "cpu": [
                "arm64"
            ],
            "dev": true,
            "license": "MIT",
            "optional": true,
            "os": [
                "linux"
            ],
            "engines": {
                "node": "^20.19.0 || >=22.12.0"
            }
        },
        "node_modules/@oxfmt/binding-linux-ppc64-gnu": {
            "version": "0.34.0",
            "resolved": "https://registry.npmjs.org/@oxfmt/binding-linux-ppc64-gnu/-/binding-linux-ppc64-gnu-0.34.0.tgz",
            "integrity": "sha512-dIGnzTNhCXqQD5pzBwduLg8pClm+t8R53qaE9i5h8iua1iaFAJyLffh4847CNZSlASb7gn1Ofuv7KoG/EpoGZg==",
            "cpu": [
                "ppc64"
            ],
            "dev": true,
            "license": "MIT",
            "optional": true,
            "os": [
                "linux"
            ],
            "engines": {
                "node": "^20.19.0 || >=22.12.0"
            }
        },
        "node_modules/@oxfmt/binding-linux-riscv64-gnu": {
            "version": "0.34.0",
            "resolved": "https://registry.npmjs.org/@oxfmt/binding-linux-riscv64-gnu/-/binding-linux-riscv64-gnu-0.34.0.tgz",
            "integrity": "sha512-FGQ2GTTooilDte/ogwWwkHuuL3lGtcE3uKM2EcC7kOXNWdUfMY6Jx3JCodNVVbFoybv4A+HuCj8WJji2uu1Ceg==",
            "cpu": [
                "riscv64"
            ],
            "dev": true,
            "license": "MIT",
            "optional": true,
            "os": [
                "linux"
            ],
            "engines": {
                "node": "^20.19.0 || >=22.12.0"
            }
        },
        "node_modules/@oxfmt/binding-linux-riscv64-musl": {
            "version": "0.34.0",
            "resolved": "https://registry.npmjs.org/@oxfmt/binding-linux-riscv64-musl/-/binding-linux-riscv64-musl-0.34.0.tgz",
            "integrity": "sha512-2dGbGneJ7ptOIVKMwEIHdCkdZEomh74X3ggo4hCzEXL/rl9HwfsZDR15MkqfQqAs6nVXMvtGIOMxjDYa5lwKaA==",
            "cpu": [
                "riscv64"
            ],
            "dev": true,
            "license": "MIT",
            "optional": true,
            "os": [
                "linux"
            ],
            "engines": {
                "node": "^20.19.0 || >=22.12.0"
            }
        },
        "node_modules/@oxfmt/binding-linux-s390x-gnu": {
            "version": "0.34.0",
            "resolved": "https://registry.npmjs.org/@oxfmt/binding-linux-s390x-gnu/-/binding-linux-s390x-gnu-0.34.0.tgz",
            "integrity": "sha512-cCtGgmrTrxq3OeSG0UAO+w6yLZTMeOF4XM9SAkNrRUxYhRQELSDQ/iNPCLyHhYNi38uHJQbS5RQweLUDpI4ajA==",
            "cpu": [
                "s390x"
            ],
            "dev": true,
            "license": "MIT",
            "optional": true,
            "os": [
                "linux"
            ],
            "engines": {
                "node": "^20.19.0 || >=22.12.0"
            }
        },
        "node_modules/@oxfmt/binding-linux-x64-gnu": {
            "version": "0.34.0",
            "resolved": "https://registry.npmjs.org/@oxfmt/binding-linux-x64-gnu/-/binding-linux-x64-gnu-0.34.0.tgz",
            "integrity": "sha512-7AvMzmeX+k7GdgitXp99GQoIV/QZIpAS7rwxQvC/T541yWC45nwvk4mpnU8N+V6dE5SPEObnqfhCjO80s7qIsg==",
            "cpu": [
                "x64"
            ],
            "dev": true,
            "license": "MIT",
            "optional": true,
            "os": [
                "linux"
            ],
            "engines": {
                "node": "^20.19.0 || >=22.12.0"
            }
        },
        "node_modules/@oxfmt/binding-linux-x64-musl": {
            "version": "0.34.0",
            "resolved": "https://registry.npmjs.org/@oxfmt/binding-linux-x64-musl/-/binding-linux-x64-musl-0.34.0.tgz",
            "integrity": "sha512-uNiglhcmivJo1oDMh3hoN/Z0WsbEXOpRXZdQ3W/IkOpyV8WF308jFjSC1ZxajdcNRXWej0zgge9QXba58Owt+g==",
            "cpu": [
                "x64"
            ],
            "dev": true,
            "license": "MIT",
            "optional": true,
            "os": [
                "linux"
            ],
            "engines": {
                "node": "^20.19.0 || >=22.12.0"
            }
        },
        "node_modules/@oxfmt/binding-openharmony-arm64": {
            "version": "0.34.0",
            "resolved": "https://registry.npmjs.org/@oxfmt/binding-openharmony-arm64/-/binding-openharmony-arm64-0.34.0.tgz",
            "integrity": "sha512-5eFsTjCyji25j6zznzlMc+wQAZJoL9oWy576xhqd2efv+N4g1swIzuSDcb1dz4gpcVC6veWe9pAwD7HnrGjLwg==",
            "cpu": [
                "arm64"
            ],
            "dev": true,
            "license": "MIT",
            "optional": true,
            "os": [
                "openharmony"
            ],
            "engines": {
                "node": "^20.19.0 || >=22.12.0"
            }
        },
        "node_modules/@oxfmt/binding-win32-arm64-msvc": {
            "version": "0.34.0",
            "resolved": "https://registry.npmjs.org/@oxfmt/binding-win32-arm64-msvc/-/binding-win32-arm64-msvc-0.34.0.tgz",
            "integrity": "sha512-6id8kK0t5hKfbV6LHDzRO21wRTA6ctTlKGTZIsG/mcoir0rssvaYsedUymF4HDj7tbCUlnxCX/qOajKlEuqbIw==",
            "cpu": [
                "arm64"
            ],
            "dev": true,
            "license": "MIT",
            "optional": true,
            "os": [
                "win32"
            ],
            "engines": {
                "node": "^20.19.0 || >=22.12.0"
            }
        },
        "node_modules/@oxfmt/binding-win32-ia32-msvc": {
            "version": "0.34.0",
            "resolved": "https://registry.npmjs.org/@oxfmt/binding-win32-ia32-msvc/-/binding-win32-ia32-msvc-0.34.0.tgz",
            "integrity": "sha512-QHaz+w673mlYqn9v/+fuiKZpjkmagleXQ+NygShDv8tdHpRYX2oYhTJwwt9j1ZfVhRgza1EIUW3JmzCXmtPdhQ==",
            "cpu": [
                "ia32"
            ],
            "dev": true,
            "license": "MIT",
            "optional": true,
            "os": [
                "win32"
            ],
            "engines": {
                "node": "^20.19.0 || >=22.12.0"
            }
        },
        "node_modules/@oxfmt/binding-win32-x64-msvc": {
            "version": "0.34.0",
            "resolved": "https://registry.npmjs.org/@oxfmt/binding-win32-x64-msvc/-/binding-win32-x64-msvc-0.34.0.tgz",
            "integrity": "sha512-CXKQM/VaF+yuvGru8ktleHLJoBdjBtTFmAsLGePiESiTN0NjCI/PiaiOCfHMJ1HdP1LykvARUwMvgaN3tDhcrg==",
            "cpu": [
                "x64"
            ],
            "dev": true,
            "license": "MIT",
            "optional": true,
            "os": [
                "win32"
            ],
            "engines": {
                "node": "^20.19.0 || >=22.12.0"
            }
        },
        "node_modules/@oxlint/binding-android-arm-eabi": {
            "version": "1.49.0",
            "resolved": "https://registry.npmjs.org/@oxlint/binding-android-arm-eabi/-/binding-android-arm-eabi-1.49.0.tgz",
            "integrity": "sha512-2WPoh/2oK9r/i2R4o4J18AOrm3HVlWiHZ8TnuCaS4dX8m5ZzRmHW0I3eLxEurQLHWVruhQN7fHgZnah+ag5iQg==",
            "cpu": [
                "arm"
            ],
            "dev": true,
            "license": "MIT",
            "optional": true,
            "os": [
                "android"
            ],
            "engines": {
                "node": "^20.19.0 || >=22.12.0"
            }
        },
        "node_modules/@oxlint/binding-android-arm64": {
            "version": "1.49.0",
            "resolved": "https://registry.npmjs.org/@oxlint/binding-android-arm64/-/binding-android-arm64-1.49.0.tgz",
            "integrity": "sha512-YqJAGvNB11EzoKm1euVhZntb79alhMvWW/j12bYqdvVxn6xzEQWrEDCJg9BPo3A3tBCSUBKH7bVkAiCBqK/L1w==",
            "cpu": [
                "arm64"
            ],
            "dev": true,
            "license": "MIT",
            "optional": true,
            "os": [
                "android"
            ],
            "engines": {
                "node": "^20.19.0 || >=22.12.0"
            }
        },
        "node_modules/@oxlint/binding-darwin-arm64": {
            "version": "1.49.0",
            "resolved": "https://registry.npmjs.org/@oxlint/binding-darwin-arm64/-/binding-darwin-arm64-1.49.0.tgz",
            "integrity": "sha512-WFocCRlvVkMhChCJ2qpJfp1Gj/IjvyjuifH9Pex8m8yHonxxQa3d8DZYreuDQU3T4jvSY8rqhoRqnpc61Nlbxw==",
            "cpu": [
                "arm64"
            ],
            "dev": true,
            "license": "MIT",
            "optional": true,
            "os": [
                "darwin"
            ],
            "engines": {
                "node": "^20.19.0 || >=22.12.0"
            }
        },
        "node_modules/@oxlint/binding-darwin-x64": {
            "version": "1.49.0",
            "resolved": "https://registry.npmjs.org/@oxlint/binding-darwin-x64/-/binding-darwin-x64-1.49.0.tgz",
            "integrity": "sha512-BN0KniwvehbUfYztOMwEDkYoojGm/narf5oJf+/ap+6PnzMeWLezMaVARNIS0j3OdMkjHTEP8s3+GdPJ7WDywQ==",
            "cpu": [
                "x64"
            ],
            "dev": true,
            "license": "MIT",
            "optional": true,
            "os": [
                "darwin"
            ],
            "engines": {
                "node": "^20.19.0 || >=22.12.0"
            }
        },
        "node_modules/@oxlint/binding-freebsd-x64": {
            "version": "1.49.0",
            "resolved": "https://registry.npmjs.org/@oxlint/binding-freebsd-x64/-/binding-freebsd-x64-1.49.0.tgz",
            "integrity": "sha512-SnkAc/DPIY6joMCiP/+53Q+N2UOGMU6ULvbztpmvPJNF/jYPGhNbKtN982uj2Gs6fpbxYkmyj08QnpkD4fbHJA==",
            "cpu": [
                "x64"
            ],
            "dev": true,
            "license": "MIT",
            "optional": true,
            "os": [
                "freebsd"
            ],
            "engines": {
                "node": "^20.19.0 || >=22.12.0"
            }
        },
        "node_modules/@oxlint/binding-linux-arm-gnueabihf": {
            "version": "1.49.0",
            "resolved": "https://registry.npmjs.org/@oxlint/binding-linux-arm-gnueabihf/-/binding-linux-arm-gnueabihf-1.49.0.tgz",
            "integrity": "sha512-6Z3EzRvpQVIpO7uFhdiGhdE8Mh3S2VWKLL9xuxVqD6fzPhyI3ugthpYXlCChXzO8FzcYIZ3t1+Kau+h2NY1hqA==",
            "cpu": [
                "arm"
            ],
            "dev": true,
            "license": "MIT",
            "optional": true,
            "os": [
                "linux"
            ],
            "engines": {
                "node": "^20.19.0 || >=22.12.0"
            }
        },
        "node_modules/@oxlint/binding-linux-arm-musleabihf": {
            "version": "1.49.0",
            "resolved": "https://registry.npmjs.org/@oxlint/binding-linux-arm-musleabihf/-/binding-linux-arm-musleabihf-1.49.0.tgz",
            "integrity": "sha512-wdjXaQYAL/L25732mLlngfst4Jdmi/HLPVHb3yfCoP5mE3lO/pFFrmOJpqWodgv29suWY74Ij+RmJ/YIG5VuzQ==",
            "cpu": [
                "arm"
            ],
            "dev": true,
            "license": "MIT",
            "optional": true,
            "os": [
                "linux"
            ],
            "engines": {
                "node": "^20.19.0 || >=22.12.0"
            }
        },
        "node_modules/@oxlint/binding-linux-arm64-gnu": {
            "version": "1.49.0",
            "resolved": "https://registry.npmjs.org/@oxlint/binding-linux-arm64-gnu/-/binding-linux-arm64-gnu-1.49.0.tgz",
            "integrity": "sha512-oSHpm8zmSvAG1BWUumbDRSg7moJbnwoEXKAkwDf/xTQJOzvbUknq95NVQdw/AduZr5dePftalB8rzJNGBogUMg==",
            "cpu": [
                "arm64"
            ],
            "dev": true,
            "license": "MIT",
            "optional": true,
            "os": [
                "linux"
            ],
            "engines": {
                "node": "^20.19.0 || >=22.12.0"
            }
        },
        "node_modules/@oxlint/binding-linux-arm64-musl": {
            "version": "1.49.0",
            "resolved": "https://registry.npmjs.org/@oxlint/binding-linux-arm64-musl/-/binding-linux-arm64-musl-1.49.0.tgz",
            "integrity": "sha512-xeqkMOARgGBlEg9BQuPDf6ZW711X6BT5qjDyeM5XNowCJeTSdmMhpePJjTEiVbbr3t21sIlK8RE6X5bc04nWyQ==",
            "cpu": [
                "arm64"
            ],
            "dev": true,
            "license": "MIT",
            "optional": true,
            "os": [
                "linux"
            ],
            "engines": {
                "node": "^20.19.0 || >=22.12.0"
            }
        },
        "node_modules/@oxlint/binding-linux-ppc64-gnu": {
            "version": "1.49.0",
            "resolved": "https://registry.npmjs.org/@oxlint/binding-linux-ppc64-gnu/-/binding-linux-ppc64-gnu-1.49.0.tgz",
            "integrity": "sha512-uvcqRO6PnlJGbL7TeePhTK5+7/JXbxGbN+C6FVmfICDeeRomgQqrfVjf0lUrVpUU8ii8TSkIbNdft3M+oNlOsQ==",
            "cpu": [
                "ppc64"
            ],
            "dev": true,
            "license": "MIT",
            "optional": true,
            "os": [
                "linux"
            ],
            "engines": {
                "node": "^20.19.0 || >=22.12.0"
            }
        },
        "node_modules/@oxlint/binding-linux-riscv64-gnu": {
            "version": "1.49.0",
            "resolved": "https://registry.npmjs.org/@oxlint/binding-linux-riscv64-gnu/-/binding-linux-riscv64-gnu-1.49.0.tgz",
            "integrity": "sha512-Dw1HkdXAwHNH+ZDserHP2RzXQmhHtpsYYI0hf8fuGAVCIVwvS6w1+InLxpPMY25P8ASRNiFN3hADtoh6lI+4lg==",
            "cpu": [
                "riscv64"
            ],
            "dev": true,
            "license": "MIT",
            "optional": true,
            "os": [
                "linux"
            ],
            "engines": {
                "node": "^20.19.0 || >=22.12.0"
            }
        },
        "node_modules/@oxlint/binding-linux-riscv64-musl": {
            "version": "1.49.0",
            "resolved": "https://registry.npmjs.org/@oxlint/binding-linux-riscv64-musl/-/binding-linux-riscv64-musl-1.49.0.tgz",
            "integrity": "sha512-EPlMYaA05tJ9km/0dI9K57iuMq3Tw+nHst7TNIegAJZrBPtsOtYaMFZEaWj02HA8FI5QvSnRHMt+CI+RIhXJBQ==",
            "cpu": [
                "riscv64"
            ],
            "dev": true,
            "license": "MIT",
            "optional": true,
            "os": [
                "linux"
            ],
            "engines": {
                "node": "^20.19.0 || >=22.12.0"
            }
        },
        "node_modules/@oxlint/binding-linux-s390x-gnu": {
            "version": "1.49.0",
            "resolved": "https://registry.npmjs.org/@oxlint/binding-linux-s390x-gnu/-/binding-linux-s390x-gnu-1.49.0.tgz",
            "integrity": "sha512-yZiQL9qEwse34aMbnMb5VqiAWfDY+fLFuoJbHOuzB1OaJZbN1MRF9Nk+W89PIpGr5DNPDipwjZb8+Q7wOywoUQ==",
            "cpu": [
                "s390x"
            ],
            "dev": true,
            "license": "MIT",
            "optional": true,
            "os": [
                "linux"
            ],
            "engines": {
                "node": "^20.19.0 || >=22.12.0"
            }
        },
        "node_modules/@oxlint/binding-linux-x64-gnu": {
            "version": "1.49.0",
            "resolved": "https://registry.npmjs.org/@oxlint/binding-linux-x64-gnu/-/binding-linux-x64-gnu-1.49.0.tgz",
            "integrity": "sha512-CcCDwMMXSchNkhdgvhVn3DLZ4EnBXAD8o8+gRzahg+IdSt/72y19xBgShJgadIRF0TsRcV/MhDUMwL5N/W54aQ==",
            "cpu": [
                "x64"
            ],
            "dev": true,
            "license": "MIT",
            "optional": true,
            "os": [
                "linux"
            ],
            "engines": {
                "node": "^20.19.0 || >=22.12.0"
            }
        },
        "node_modules/@oxlint/binding-linux-x64-musl": {
            "version": "1.49.0",
            "resolved": "https://registry.npmjs.org/@oxlint/binding-linux-x64-musl/-/binding-linux-x64-musl-1.49.0.tgz",
            "integrity": "sha512-u3HfKV8BV6t6UCCbN0RRiyqcymhrnpunVmLFI8sEa5S/EBu+p/0bJ3D7LZ2KT6PsBbrB71SWq4DeFrskOVgIZg==",
            "cpu": [
                "x64"
            ],
            "dev": true,
            "license": "MIT",
            "optional": true,
            "os": [
                "linux"
            ],
            "engines": {
                "node": "^20.19.0 || >=22.12.0"
            }
        },
        "node_modules/@oxlint/binding-openharmony-arm64": {
            "version": "1.49.0",
            "resolved": "https://registry.npmjs.org/@oxlint/binding-openharmony-arm64/-/binding-openharmony-arm64-1.49.0.tgz",
            "integrity": "sha512-dRDpH9fw+oeUMpM4br0taYCFpW6jQtOuEIec89rOgDA1YhqwmeRcx0XYeCv7U48p57qJ1XZHeMGM9LdItIjfzA==",
            "cpu": [
                "arm64"
            ],
            "dev": true,
            "license": "MIT",
            "optional": true,
            "os": [
                "openharmony"
            ],
            "engines": {
                "node": "^20.19.0 || >=22.12.0"
            }
        },
        "node_modules/@oxlint/binding-win32-arm64-msvc": {
            "version": "1.49.0",
            "resolved": "https://registry.npmjs.org/@oxlint/binding-win32-arm64-msvc/-/binding-win32-arm64-msvc-1.49.0.tgz",
            "integrity": "sha512-6rrKe/wL9tn0qnOy76i1/0f4Dc3dtQnibGlU4HqR/brVHlVjzLSoaH0gAFnLnznh9yQ6gcFTBFOPrcN/eKPDGA==",
            "cpu": [
                "arm64"
            ],
            "dev": true,
            "license": "MIT",
            "optional": true,
            "os": [
                "win32"
            ],
            "engines": {
                "node": "^20.19.0 || >=22.12.0"
            }
        },
        "node_modules/@oxlint/binding-win32-ia32-msvc": {
            "version": "1.49.0",
            "resolved": "https://registry.npmjs.org/@oxlint/binding-win32-ia32-msvc/-/binding-win32-ia32-msvc-1.49.0.tgz",
            "integrity": "sha512-CXHLWAtLs2xG/aVy1OZiYJzrULlq0QkYpI6cd7VKMrab+qur4fXVE/B1Bp1m0h1qKTj5/FTGg6oU4qaXMjS/ug==",
            "cpu": [
                "ia32"
            ],
            "dev": true,
            "license": "MIT",
            "optional": true,
            "os": [
                "win32"
            ],
            "engines": {
                "node": "^20.19.0 || >=22.12.0"
            }
        },
        "node_modules/@oxlint/binding-win32-x64-msvc": {
            "version": "1.49.0",
            "resolved": "https://registry.npmjs.org/@oxlint/binding-win32-x64-msvc/-/binding-win32-x64-msvc-1.49.0.tgz",
            "integrity": "sha512-VteIelt78kwzSglOozaQcs6BCS4Lk0j+QA+hGV0W8UeyaqQ3XpbZRhDU55NW1PPvCy1tg4VXsTlEaPovqto7nQ==",
            "cpu": [
                "x64"
            ],
            "dev": true,
            "license": "MIT",
            "optional": true,
            "os": [
                "win32"
            ],
            "engines": {
                "node": "^20.19.0 || >=22.12.0"
            }
        },
        "node_modules/oxfmt": {
            "version": "0.34.0",
            "resolved": "https://registry.npmjs.org/oxfmt/-/oxfmt-0.34.0.tgz",
            "integrity": "sha512-t+zTE4XGpzPTK+Zk9gSwcJcFi4pqjl6PwO/ZxPBJiJQ2XCKMucwjPlHxvPHyVKJtkMSyrDGfQ7Ntg/hUr4OgHQ==",
            "dev": true,
            "license": "MIT",
            "dependencies": {
                "tinypool": "2.1.0"
            },
            "bin": {
                "oxfmt": "bin/oxfmt"
            },
            "engines": {
                "node": "^20.19.0 || >=22.12.0"
            },
            "funding": {
                "url": "https://github.com/sponsors/Boshen"
            },
            "optionalDependencies": {
                "@oxfmt/binding-android-arm-eabi": "0.34.0",
                "@oxfmt/binding-android-arm64": "0.34.0",
                "@oxfmt/binding-darwin-arm64": "0.34.0",
                "@oxfmt/binding-darwin-x64": "0.34.0",
                "@oxfmt/binding-freebsd-x64": "0.34.0",
                "@oxfmt/binding-linux-arm-gnueabihf": "0.34.0",
                "@oxfmt/binding-linux-arm-musleabihf": "0.34.0",
                "@oxfmt/binding-linux-arm64-gnu": "0.34.0",
                "@oxfmt/binding-linux-arm64-musl": "0.34.0",
                "@oxfmt/binding-linux-ppc64-gnu": "0.34.0",
                "@oxfmt/binding-linux-riscv64-gnu": "0.34.0",
                "@oxfmt/binding-linux-riscv64-musl": "0.34.0",
                "@oxfmt/binding-linux-s390x-gnu": "0.34.0",
                "@oxfmt/binding-linux-x64-gnu": "0.34.0",
                "@oxfmt/binding-linux-x64-musl": "0.34.0",
                "@oxfmt/binding-openharmony-arm64": "0.34.0",
                "@oxfmt/binding-win32-arm64-msvc": "0.34.0",
                "@oxfmt/binding-win32-ia32-msvc": "0.34.0",
                "@oxfmt/binding-win32-x64-msvc": "0.34.0"
            }
        },
        "node_modules/oxlint": {
            "version": "1.49.0",
            "resolved": "https://registry.npmjs.org/oxlint/-/oxlint-1.49.0.tgz",
            "integrity": "sha512-YZffp0gM+63CJoRhHjtjRnwKtAgUnXM6j63YQ++aigji2NVvLGsUlrXo9gJUXZOdcbfShLYtA6RuTu8GZ4lzOQ==",
            "dev": true,
            "license": "MIT",
            "bin": {
                "oxlint": "bin/oxlint"
            },
            "engines": {
                "node": "^20.19.0 || >=22.12.0"
            },
            "funding": {
                "url": "https://github.com/sponsors/Boshen"
            },
            "optionalDependencies": {
                "@oxlint/binding-android-arm-eabi": "1.49.0",
                "@oxlint/binding-android-arm64": "1.49.0",
                "@oxlint/binding-darwin-arm64": "1.49.0",
                "@oxlint/binding-darwin-x64": "1.49.0",
                "@oxlint/binding-freebsd-x64": "1.49.0",
                "@oxlint/binding-linux-arm-gnueabihf": "1.49.0",
                "@oxlint/binding-linux-arm-musleabihf": "1.49.0",
                "@oxlint/binding-linux-arm64-gnu": "1.49.0",
                "@oxlint/binding-linux-arm64-musl": "1.49.0",
                "@oxlint/binding-linux-ppc64-gnu": "1.49.0",
                "@oxlint/binding-linux-riscv64-gnu": "1.49.0",
                "@oxlint/binding-linux-riscv64-musl": "1.49.0",
                "@oxlint/binding-linux-s390x-gnu": "1.49.0",
                "@oxlint/binding-linux-x64-gnu": "1.49.0",
                "@oxlint/binding-linux-x64-musl": "1.49.0",
                "@oxlint/binding-openharmony-arm64": "1.49.0",
                "@oxlint/binding-win32-arm64-msvc": "1.49.0",
                "@oxlint/binding-win32-ia32-msvc": "1.49.0",
                "@oxlint/binding-win32-x64-msvc": "1.49.0"
            },
            "peerDependencies": {
                "oxlint-tsgolint": ">=0.14.1"
            },
            "peerDependenciesMeta": {
                "oxlint-tsgolint": {
                    "optional": true
                }
            }
        },
        "node_modules/tinypool": {
            "version": "2.1.0",
            "resolved": "https://registry.npmjs.org/tinypool/-/tinypool-2.1.0.tgz",
            "integrity": "sha512-Pugqs6M0m7Lv1I7FtxN4aoyToKg1C4tu+/381vH35y8oENM/Ai7f7C4StcoK4/+BSw9ebcS8jRiVrORFKCALLw==",
            "dev": true,
            "license": "MIT",
            "engines": {
                "node": "^20.0.0 || >=22.0.0"
            }
        }
    },
    "dependencies": {
        "@oxfmt/binding-android-arm-eabi": {
            "version": "0.34.0",
            "resolved": "https://registry.npmjs.org/@oxfmt/binding-android-arm-eabi/-/binding-android-arm-eabi-0.34.0.tgz",
            "integrity": "sha512-sqkqjh/Z38l+duOb1HtVqJTAj1grt2ttkobCopC/72+a4Xxz4xUgZPFyQ4HxrYMvyqO/YA0tvM1QbfOu70Gk1Q==",
            "dev": true,
            "optional": true
        },
        "@oxfmt/binding-android-arm64": {
            "version": "0.34.0",
            "resolved": "https://registry.npmjs.org/@oxfmt/binding-android-arm64/-/binding-android-arm64-0.34.0.tgz",
            "integrity": "sha512-1KRCtasHcVcGOMwfOP9d5Bus2NFsN8yAYM5cBwi8LBg5UtXC3C49WHKrlEa8iF1BjOS6CR2qIqiFbGoA0DJQNQ==",
            "dev": true,
            "optional": true
        },
        "@oxfmt/binding-darwin-arm64": {
            "version": "0.34.0",
            "resolved": "https://registry.npmjs.org/@oxfmt/binding-darwin-arm64/-/binding-darwin-arm64-0.34.0.tgz",
            "integrity": "sha512-b+Rmw9Bva6e/7PBES2wLO8sEU7Mi0+/Kv+pXSe/Y8i4fWNftZZlGwp8P01eECaUqpXATfSgNxdEKy7+ssVNz7g==",
            "dev": true,
            "optional": true
        },
        "@oxfmt/binding-darwin-x64": {
            "version": "0.34.0",
            "resolved": "https://registry.npmjs.org/@oxfmt/binding-darwin-x64/-/binding-darwin-x64-0.34.0.tgz",
            "integrity": "sha512-QGjpevWzf1T9COEokZEWt80kPOtthW1zhRbo7x4Qoz646eTTfi6XsHG2uHeDWJmTbgBoJZPMgj2TAEV/ppEZaA==",
            "dev": true,
            "optional": true
        },
        "@oxfmt/binding-freebsd-x64": {
            "version": "0.34.0",
            "resolved": "https://registry.npmjs.org/@oxfmt/binding-freebsd-x64/-/binding-freebsd-x64-0.34.0.tgz",
            "integrity": "sha512-VMSaC02cG75qL59M9M/szEaqq/RsLfgpzQ4nqUu8BUnX1zkiZIW2gTpUv3ZJ6qpWnHxIlAXiRZjQwmcwpvtbcg==",
            "dev": true,
            "optional": true
        },
        "@oxfmt/binding-linux-arm-gnueabihf": {
            "version": "0.34.0",
            "resolved": "https://registry.npmjs.org/@oxfmt/binding-linux-arm-gnueabihf/-/binding-linux-arm-gnueabihf-0.34.0.tgz",
            "integrity": "sha512-Klm367PFJhH6vYK3vdIOxFepSJZHPaBfIuqwxdkOcfSQ4qqc/M8sgK0UTFnJWWTA/IkhMIh1kW6uEqiZ/xtQqg==",
            "dev": true,
            "optional": true
        },
        "@oxfmt/binding-linux-arm-musleabihf": {
            "version": "0.34.0",
            "resolved": "https://registry.npmjs.org/@oxfmt/binding-linux-arm-musleabihf/-/binding-linux-arm-musleabihf-0.34.0.tgz",
            "integrity": "sha512-nqn0QueVXRfbN9m58/E9Zij0Ap8lzayx591eWBYn0sZrGzY1IRv9RYS7J/1YUXbb0Ugedo0a8qIWzUHU9bWQuA==",
            "dev": true,
            "optional": true
        },
        "@oxfmt/binding-linux-arm64-gnu": {
            "version": "0.34.0",
            "resolved": "https://registry.npmjs.org/@oxfmt/binding-linux-arm64-gnu/-/binding-linux-arm64-gnu-0.34.0.tgz",
            "integrity": "sha512-DDn+dcqW+sMTCEjvLoQvC/VWJjG7h8wcdN/J+g7ZTdf/3/Dx730pQElxPPGsCXPhprb11OsPyMp5FwXjMY3qvA==",
            "dev": true,
            "optional": true
        },
        "@oxfmt/binding-linux-arm64-musl": {
            "version": "0.34.0",
            "resolved": "https://registry.npmjs.org/@oxfmt/binding-linux-arm64-musl/-/binding-linux-arm64-musl-0.34.0.tgz",
            "integrity": "sha512-H+F8+71gHQoGTFPPJ6z4dD0Fzfzi0UP8Zx94h5kUmIFThLvMq5K1Y/bUUubiXwwHfwb5C3MPjUpYijiy0rj51Q==",
            "dev": true,
            "optional": true
        },
        "@oxfmt/binding-linux-ppc64-gnu": {
            "version": "0.34.0",
            "resolved": "https://registry.npmjs.org/@oxfmt/binding-linux-ppc64-gnu/-/binding-linux-ppc64-gnu-0.34.0.tgz",
            "integrity": "sha512-dIGnzTNhCXqQD5pzBwduLg8pClm+t8R53qaE9i5h8iua1iaFAJyLffh4847CNZSlASb7gn1Ofuv7KoG/EpoGZg==",
            "dev": true,
            "optional": true
        },
        "@oxfmt/binding-linux-riscv64-gnu": {
            "version": "0.34.0",
            "resolved": "https://registry.npmjs.org/@oxfmt/binding-linux-riscv64-gnu/-/binding-linux-riscv64-gnu-0.34.0.tgz",
            "integrity": "sha512-FGQ2GTTooilDte/ogwWwkHuuL3lGtcE3uKM2EcC7kOXNWdUfMY6Jx3JCodNVVbFoybv4A+HuCj8WJji2uu1Ceg==",
            "dev": true,
            "optional": true
        },
        "@oxfmt/binding-linux-riscv64-musl": {
            "version": "0.34.0",
            "resolved": "https://registry.npmjs.org/@oxfmt/binding-linux-riscv64-musl/-/binding-linux-riscv64-musl-0.34.0.tgz",
            "integrity": "sha512-2dGbGneJ7ptOIVKMwEIHdCkdZEomh74X3ggo4hCzEXL/rl9HwfsZDR15MkqfQqAs6nVXMvtGIOMxjDYa5lwKaA==",
            "dev": true,
            "optional": true
        },
        "@oxfmt/binding-linux-s390x-gnu": {
            "version": "0.34.0",
            "resolved": "https://registry.npmjs.org/@oxfmt/binding-linux-s390x-gnu/-/binding-linux-s390x-gnu-0.34.0.tgz",
            "integrity": "sha512-cCtGgmrTrxq3OeSG0UAO+w6yLZTMeOF4XM9SAkNrRUxYhRQELSDQ/iNPCLyHhYNi38uHJQbS5RQweLUDpI4ajA==",
            "dev": true,
            "optional": true
        },
        "@oxfmt/binding-linux-x64-gnu": {
            "version": "0.34.0",
            "resolved": "https://registry.npmjs.org/@oxfmt/binding-linux-x64-gnu/-/binding-linux-x64-gnu-0.34.0.tgz",
            "integrity": "sha512-7AvMzmeX+k7GdgitXp99GQoIV/QZIpAS7rwxQvC/T541yWC45nwvk4mpnU8N+V6dE5SPEObnqfhCjO80s7qIsg==",
            "dev": true,
            "optional": true
        },
        "@oxfmt/binding-linux-x64-musl": {
            "version": "0.34.0",
            "resolved": "https://registry.npmjs.org/@oxfmt/binding-linux-x64-musl/-/binding-linux-x64-musl-0.34.0.tgz",
            "integrity": "sha512-uNiglhcmivJo1oDMh3hoN/Z0WsbEXOpRXZdQ3W/IkOpyV8WF308jFjSC1ZxajdcNRXWej0zgge9QXba58Owt+g==",
            "dev": true,
            "optional": true
        },
        "@oxfmt/binding-openharmony-arm64": {
            "version": "0.34.0",
            "resolved": "https://registry.npmjs.org/@oxfmt/binding-openharmony-arm64/-/binding-openharmony-arm64-0.34.0.tgz",
            "integrity": "sha512-5eFsTjCyji25j6zznzlMc+wQAZJoL9oWy576xhqd2efv+N4g1swIzuSDcb1dz4gpcVC6veWe9pAwD7HnrGjLwg==",
            "dev": true,
            "optional": true
        },
        "@oxfmt/binding-win32-arm64-msvc": {
            "version": "0.34.0",
            "resolved": "https://registry.npmjs.org/@oxfmt/binding-win32-arm64-msvc/-/binding-win32-arm64-msvc-0.34.0.tgz",
            "integrity": "sha512-6id8kK0t5hKfbV6LHDzRO21wRTA6ctTlKGTZIsG/mcoir0rssvaYsedUymF4HDj7tbCUlnxCX/qOajKlEuqbIw==",
            "dev": true,
            "optional": true
        },
        "@oxfmt/binding-win32-ia32-msvc": {
            "version": "0.34.0",
            "resolved": "https://registry.npmjs.org/@oxfmt/binding-win32-ia32-msvc/-/binding-win32-ia32-msvc-0.34.0.tgz",
            "integrity": "sha512-QHaz+w673mlYqn9v/+fuiKZpjkmagleXQ+NygShDv8tdHpRYX2oYhTJwwt9j1ZfVhRgza1EIUW3JmzCXmtPdhQ==",
            "dev": true,
            "optional": true
        },
        "@oxfmt/binding-win32-x64-msvc": {
            "version": "0.34.0",
            "resolved": "https://registry.npmjs.org/@oxfmt/binding-win32-x64-msvc/-/binding-win32-x64-msvc-0.34.0.tgz",
            "integrity": "sha512-CXKQM/VaF+yuvGru8ktleHLJoBdjBtTFmAsLGePiESiTN0NjCI/PiaiOCfHMJ1HdP1LykvARUwMvgaN3tDhcrg==",
            "dev": true,
            "optional": true
        },
        "@oxlint/binding-android-arm-eabi": {
            "version": "1.49.0",
            "resolved": "https://registry.npmjs.org/@oxlint/binding-android-arm-eabi/-/binding-android-arm-eabi-1.49.0.tgz",
            "integrity": "sha512-2WPoh/2oK9r/i2R4o4J18AOrm3HVlWiHZ8TnuCaS4dX8m5ZzRmHW0I3eLxEurQLHWVruhQN7fHgZnah+ag5iQg==",
            "dev": true,
            "optional": true
        },
        "@oxlint/binding-android-arm64": {
            "version": "1.49.0",
            "resolved": "https://registry.npmjs.org/@oxlint/binding-android-arm64/-/binding-android-arm64-1.49.0.tgz",
            "integrity": "sha512-YqJAGvNB11EzoKm1euVhZntb79alhMvWW/j12bYqdvVxn6xzEQWrEDCJg9BPo3A3tBCSUBKH7bVkAiCBqK/L1w==",
            "dev": true,
            "optional": true
        },
        "@oxlint/binding-darwin-arm64": {
            "version": "1.49.0",
            "resolved": "https://registry.npmjs.org/@oxlint/binding-darwin-arm64/-/binding-darwin-arm64-1.49.0.tgz",
            "integrity": "sha512-WFocCRlvVkMhChCJ2qpJfp1Gj/IjvyjuifH9Pex8m8yHonxxQa3d8DZYreuDQU3T4jvSY8rqhoRqnpc61Nlbxw==",
            "dev": true,
            "optional": true
        },
        "@oxlint/binding-darwin-x64": {
            "version": "1.49.0",
            "resolved": "https://registry.npmjs.org/@oxlint/binding-darwin-x64/-/binding-darwin-x64-1.49.0.tgz",
            "integrity": "sha512-BN0KniwvehbUfYztOMwEDkYoojGm/narf5oJf+/ap+6PnzMeWLezMaVARNIS0j3OdMkjHTEP8s3+GdPJ7WDywQ==",
            "dev": true,
            "optional": true
        },
        "@oxlint/binding-freebsd-x64": {
            "version": "1.49.0",
            "resolved": "https://registry.npmjs.org/@oxlint/binding-freebsd-x64/-/binding-freebsd-x64-1.49.0.tgz",
            "integrity": "sha512-SnkAc/DPIY6joMCiP/+53Q+N2UOGMU6ULvbztpmvPJNF/jYPGhNbKtN982uj2Gs6fpbxYkmyj08QnpkD4fbHJA==",
            "dev": true,
            "optional": true
        },
        "@oxlint/binding-linux-arm-gnueabihf": {
            "version": "1.49.0",
            "resolved": "https://registry.npmjs.org/@oxlint/binding-linux-arm-gnueabihf/-/binding-linux-arm-gnueabihf-1.49.0.tgz",
            "integrity": "sha512-6Z3EzRvpQVIpO7uFhdiGhdE8Mh3S2VWKLL9xuxVqD6fzPhyI3ugthpYXlCChXzO8FzcYIZ3t1+Kau+h2NY1hqA==",
            "dev": true,
            "optional": true
        },
        "@oxlint/binding-linux-arm-musleabihf": {
            "version": "1.49.0",
            "resolved": "https://registry.npmjs.org/@oxlint/binding-linux-arm-musleabihf/-/binding-linux-arm-musleabihf-1.49.0.tgz",
            "integrity": "sha512-wdjXaQYAL/L25732mLlngfst4Jdmi/HLPVHb3yfCoP5mE3lO/pFFrmOJpqWodgv29suWY74Ij+RmJ/YIG5VuzQ==",
            "dev": true,
            "optional": true
        },
        "@oxlint/binding-linux-arm64-gnu": {
            "version": "1.49.0",
            "resolved": "https://registry.npmjs.org/@oxlint/binding-linux-arm64-gnu/-/binding-linux-arm64-gnu-1.49.0.tgz",
            "integrity": "sha512-oSHpm8zmSvAG1BWUumbDRSg7moJbnwoEXKAkwDf/xTQJOzvbUknq95NVQdw/AduZr5dePftalB8rzJNGBogUMg==",
            "dev": true,
            "optional": true
        },
        "@oxlint/binding-linux-arm64-musl": {
            "version": "1.49.0",
            "resolved": "https://registry.npmjs.org/@oxlint/binding-linux-arm64-musl/-/binding-linux-arm64-musl-1.49.0.tgz",
            "integrity": "sha512-xeqkMOARgGBlEg9BQuPDf6ZW711X6BT5qjDyeM5XNowCJeTSdmMhpePJjTEiVbbr3t21sIlK8RE6X5bc04nWyQ==",
            "dev": true,
            "optional": true
        },
        "@oxlint/binding-linux-ppc64-gnu": {
            "version": "1.49.0",
            "resolved": "https://registry.npmjs.org/@oxlint/binding-linux-ppc64-gnu/-/binding-linux-ppc64-gnu-1.49.0.tgz",
            "integrity": "sha512-uvcqRO6PnlJGbL7TeePhTK5+7/JXbxGbN+C6FVmfICDeeRomgQqrfVjf0lUrVpUU8ii8TSkIbNdft3M+oNlOsQ==",
            "dev": true,
            "optional": true
        },
        "@oxlint/binding-linux-riscv64-gnu": {
            "version": "1.49.0",
            "resolved": "https://registry.npmjs.org/@oxlint/binding-linux-riscv64-gnu/-/binding-linux-riscv64-gnu-1.49.0.tgz",
            "integrity": "sha512-Dw1HkdXAwHNH+ZDserHP2RzXQmhHtpsYYI0hf8fuGAVCIVwvS6w1+InLxpPMY25P8ASRNiFN3hADtoh6lI+4lg==",
            "dev": true,
            "optional": true
        },
        "@oxlint/binding-linux-riscv64-musl": {
            "version": "1.49.0",
            "resolved": "https://registry.npmjs.org/@oxlint/binding-linux-riscv64-musl/-/binding-linux-riscv64-musl-1.49.0.tgz",
            "integrity": "sha512-EPlMYaA05tJ9km/0dI9K57iuMq3Tw+nHst7TNIegAJZrBPtsOtYaMFZEaWj02HA8FI5QvSnRHMt+CI+RIhXJBQ==",
            "dev": true,
            "optional": true
        },
        "@oxlint/binding-linux-s390x-gnu": {
            "version": "1.49.0",
            "resolved": "https://registry.npmjs.org/@oxlint/binding-linux-s390x-gnu/-/binding-linux-s390x-gnu-1.49.0.tgz",
            "integrity": "sha512-yZiQL9qEwse34aMbnMb5VqiAWfDY+fLFuoJbHOuzB1OaJZbN1MRF9Nk+W89PIpGr5DNPDipwjZb8+Q7wOywoUQ==",
            "dev": true,
            "optional": true
        },
        "@oxlint/binding-linux-x64-gnu": {
            "version": "1.49.0",
            "resolved": "https://registry.npmjs.org/@oxlint/binding-linux-x64-gnu/-/binding-linux-x64-gnu-1.49.0.tgz",
            "integrity": "sha512-CcCDwMMXSchNkhdgvhVn3DLZ4EnBXAD8o8+gRzahg+IdSt/72y19xBgShJgadIRF0TsRcV/MhDUMwL5N/W54aQ==",
            "dev": true,
            "optional": true
        },
        "@oxlint/binding-linux-x64-musl": {
            "version": "1.49.0",
            "resolved": "https://registry.npmjs.org/@oxlint/binding-linux-x64-musl/-/binding-linux-x64-musl-1.49.0.tgz",
            "integrity": "sha512-u3HfKV8BV6t6UCCbN0RRiyqcymhrnpunVmLFI8sEa5S/EBu+p/0bJ3D7LZ2KT6PsBbrB71SWq4DeFrskOVgIZg==",
            "dev": true,
            "optional": true
        },
        "@oxlint/binding-openharmony-arm64": {
            "version": "1.49.0",
            "resolved": "https://registry.npmjs.org/@oxlint/binding-openharmony-arm64/-/binding-openharmony-arm64-1.49.0.tgz",
            "integrity": "sha512-dRDpH9fw+oeUMpM4br0taYCFpW6jQtOuEIec89rOgDA1YhqwmeRcx0XYeCv7U48p57qJ1XZHeMGM9LdItIjfzA==",
            "dev": true,
            "optional": true
        },
        "@oxlint/binding-win32-arm64-msvc": {
            "version": "1.49.0",
            "resolved": "https://registry.npmjs.org/@oxlint/binding-win32-arm64-msvc/-/binding-win32-arm64-msvc-1.49.0.tgz",
            "integrity": "sha512-6rrKe/wL9tn0qnOy76i1/0f4Dc3dtQnibGlU4HqR/brVHlVjzLSoaH0gAFnLnznh9yQ6gcFTBFOPrcN/eKPDGA==",
            "dev": true,
            "optional": true
        },
        "@oxlint/binding-win32-ia32-msvc": {
            "version": "1.49.0",
            "resolved": "https://registry.npmjs.org/@oxlint/binding-win32-ia32-msvc/-/binding-win32-ia32-msvc-1.49.0.tgz",
            "integrity": "sha512-CXHLWAtLs2xG/aVy1OZiYJzrULlq0QkYpI6cd7VKMrab+qur4fXVE/B1Bp1m0h1qKTj5/FTGg6oU4qaXMjS/ug==",
            "dev": true,
            "optional": true
        },
        "@oxlint/binding-win32-x64-msvc": {
            "version": "1.49.0",
            "resolved": "https://registry.npmjs.org/@oxlint/binding-win32-x64-msvc/-/binding-win32-x64-msvc-1.49.0.tgz",
            "integrity": "sha512-VteIelt78kwzSglOozaQcs6BCS4Lk0j+QA+hGV0W8UeyaqQ3XpbZRhDU55NW1PPvCy1tg4VXsTlEaPovqto7nQ==",
            "dev": true,
            "optional": true
        },
        "oxfmt": {
            "version": "0.34.0",
            "resolved": "https://registry.npmjs.org/oxfmt/-/oxfmt-0.34.0.tgz",
            "integrity": "sha512-t+zTE4XGpzPTK+Zk9gSwcJcFi4pqjl6PwO/ZxPBJiJQ2XCKMucwjPlHxvPHyVKJtkMSyrDGfQ7Ntg/hUr4OgHQ==",
            "dev": true,
            "requires": {
                "@oxfmt/binding-android-arm-eabi": "0.34.0",
                "@oxfmt/binding-android-arm64": "0.34.0",
                "@oxfmt/binding-darwin-arm64": "0.34.0",
                "@oxfmt/binding-darwin-x64": "0.34.0",
                "@oxfmt/binding-freebsd-x64": "0.34.0",
                "@oxfmt/binding-linux-arm-gnueabihf": "0.34.0",
                "@oxfmt/binding-linux-arm-musleabihf": "0.34.0",
                "@oxfmt/binding-linux-arm64-gnu": "0.34.0",
                "@oxfmt/binding-linux-arm64-musl": "0.34.0",
                "@oxfmt/binding-linux-ppc64-gnu": "0.34.0",
                "@oxfmt/binding-linux-riscv64-gnu": "0.34.0",
                "@oxfmt/binding-linux-riscv64-musl": "0.34.0",
                "@oxfmt/binding-linux-s390x-gnu": "0.34.0",
                "@oxfmt/binding-linux-x64-gnu": "0.34.0",
                "@oxfmt/binding-linux-x64-musl": "0.34.0",
                "@oxfmt/binding-openharmony-arm64": "0.34.0",
                "@oxfmt/binding-win32-arm64-msvc": "0.34.0",
                "@oxfmt/binding-win32-ia32-msvc": "0.34.0",
                "@oxfmt/binding-win32-x64-msvc": "0.34.0",
                "tinypool": "2.1.0"
            }
        },
        "oxlint": {
            "version": "1.49.0",
            "resolved": "https://registry.npmjs.org/oxlint/-/oxlint-1.49.0.tgz",
            "integrity": "sha512-YZffp0gM+63CJoRhHjtjRnwKtAgUnXM6j63YQ++aigji2NVvLGsUlrXo9gJUXZOdcbfShLYtA6RuTu8GZ4lzOQ==",
            "dev": true,
            "requires": {
                "@oxlint/binding-android-arm-eabi": "1.49.0",
                "@oxlint/binding-android-arm64": "1.49.0",
                "@oxlint/binding-darwin-arm64": "1.49.0",
                "@oxlint/binding-darwin-x64": "1.49.0",
                "@oxlint/binding-freebsd-x64": "1.49.0",
                "@oxlint/binding-linux-arm-gnueabihf": "1.49.0",
                "@oxlint/binding-linux-arm-musleabihf": "1.49.0",
                "@oxlint/binding-linux-arm64-gnu": "1.49.0",
                "@oxlint/binding-linux-arm64-musl": "1.49.0",
                "@oxlint/binding-linux-ppc64-gnu": "1.49.0",
                "@oxlint/binding-linux-riscv64-gnu": "1.49.0",
                "@oxlint/binding-linux-riscv64-musl": "1.49.0",
                "@oxlint/binding-linux-s390x-gnu": "1.49.0",
                "@oxlint/binding-linux-x64-gnu": "1.49.0",
                "@oxlint/binding-linux-x64-musl": "1.49.0",
                "@oxlint/binding-openharmony-arm64": "1.49.0",
                "@oxlint/binding-win32-arm64-msvc": "1.49.0",
                "@oxlint/binding-win32-ia32-msvc": "1.49.0",
                "@oxlint/binding-win32-x64-msvc": "1.49.0"
            }
        },
        "tinypool": {
            "version": "2.1.0",
            "resolved": "https://registry.npmjs.org/tinypool/-/tinypool-2.1.0.tgz",
            "integrity": "sha512-Pugqs6M0m7Lv1I7FtxN4aoyToKg1C4tu+/381vH35y8oENM/Ai7f7C4StcoK4/+BSw9ebcS8jRiVrORFKCALLw==",
            "dev": true
        }
    }
}
